<?xml version="1.0" encoding="utf-8"?>
<Project ToolsVersion="4.0" xmlns="http://schemas.microsoft.com/developer/msbuild/2003">
  <ItemGroup>
    <Filter Include="Source Files">
      <UniqueIdentifier>{4FC737F1-C7A5-4376-A066-2A32D752A2FF}</UniqueIdentifier>
      <Extensions>cpp;c;cc;cxx;def;odl;idl;hpj;bat;asm;asmx</Extensions>
    </Filter>
    <Filter Include="Header Files">
      <UniqueIdentifier>{93995380-89BD-4b04-88EB-625FBE52EBFB}</UniqueIdentifier>
      <Extensions>h;hh;hpp;hxx;hm;inl;inc;xsd</Extensions>
    </Filter>
    <Filter Include="Resource Files">
      <UniqueIdentifier>{67DA6AB6-F800-4c08-8B7A-83BB121AAD01}</UniqueIdentifier>
      <Extensions>rc;ico;cur;bmp;dlg;rc2;rct;bin;rgs;gif;jpg;jpeg;jpe;resx;tiff;tif;png;wav;mfcribbon-ms</Extensions>
    </Filter>
  </ItemGroup>
  <ItemGroup>
    <Text Include="ReadMe.txt" />
  </ItemGroup>
  <ItemGroup>
    <ClInclude Include="targetver.h">
      <Filter>Header Files</Filter>
    </ClInclude>
    <ClInclude Include="PowerPC Assembly Functions.h">
      <Filter>Source Files</Filter>
    </ClInclude>
    <ClInclude Include="ReplayFix.h">
      <Filter>Header Files</Filter>
    </ClInclude>
    <ClInclude Include="Controls.h">
      <Filter>Header Files</Filter>
    </ClInclude>
    <ClInclude Include="stdafx.h">
      <Filter>Header Files</Filter>
    </ClInclude>
    <ClInclude Include="StopStartAlts.h">
      <Filter>Header Files</Filter>
    </ClInclude>
    <ClInclude Include="Save States.h">
      <Filter>Header Files</Filter>
    </ClInclude>
    <ClInclude Include="DrawDI.h">
      <Filter>Header Files</Filter>
    </ClInclude>
    <ClInclude Include="Miscellaneous Code.h">
      <Filter>Header Files</Filter>
    </ClInclude>
    <ClInclude Include="StopDPadOnSSS %28except Wiimote%29.h">
      <Filter>Header Files</Filter>
    </ClInclude>
    <ClInclude Include="Code Menu.h">
      <Filter>Header Files</Filter>
    </ClInclude>
    <ClInclude Include="IASA Overlay.h">
      <Filter>Header Files</Filter>
    </ClInclude>
    <ClInclude Include="Control Codes.h">
      <Filter>Header Files</Filter>
    </ClInclude>
    <ClInclude Include="Last Character Auto Select.h">
      <Filter>Header Files</Filter>
    </ClInclude>
    <ClInclude Include="Tag Based Costumes.h">
      <Filter>Header Files</Filter>
    </ClInclude>
    <ClInclude Include="FPS Display.h">
      <Filter>Header Files</Filter>
    </ClInclude>
    <ClInclude Include="Light Shield.h">
      <Filter>Header Files</Filter>
    </ClInclude>
    <ClInclude Include="DBZ Mode.h">
      <Filter>Header Files</Filter>
    </ClInclude>
    <ClInclude Include="IkeClimbers.h">
      <Filter>Header Files</Filter>
    </ClInclude>
    <ClInclude Include="AIDisplay.h">
      <Filter>Header Files</Filter>
    </ClInclude>
    <ClInclude Include="C++Injection.h">
      <Filter>Header Files</Filter>
    </ClInclude>
  </ItemGroup>
  <ItemGroup>
    <ClCompile Include="PowerPC Assembly Functions.cpp">
      <Filter>Source Files</Filter>
    </ClCompile>
    <ClCompile Include="MainCode.cpp">
      <Filter>Source Files</Filter>
    </ClCompile>
    <ClCompile Include="ReplayFix.cpp">
      <Filter>Source Files</Filter>
    </ClCompile>
    <ClCompile Include="Controls.cpp">
      <Filter>Source Files</Filter>
    </ClCompile>
    <ClCompile Include="stdafx.cpp">
      <Filter>Source Files</Filter>
    </ClCompile>
    <ClCompile Include="StopStartAlts.cpp">
      <Filter>Source Files</Filter>
    </ClCompile>
    <ClCompile Include="Save States.cpp">
      <Filter>Source Files</Filter>
    </ClCompile>
    <ClCompile Include="DrawDI.cpp">
      <Filter>Source Files</Filter>
    </ClCompile>
    <ClCompile Include="Miscellaneous Code.cpp">
      <Filter>Source Files</Filter>
    </ClCompile>
    <ClCompile Include="StopDPadOnSSS %28except Wiimote%29.cpp">
      <Filter>Source Files</Filter>
    </ClCompile>
    <ClCompile Include="Code Menu.cpp">
      <Filter>Source Files</Filter>
    </ClCompile>
    <ClCompile Include="IASA Overlay.cpp">
      <Filter>Source Files</Filter>
    </ClCompile>
    <ClCompile Include="Control Codes.cpp">
      <Filter>Source Files</Filter>
    </ClCompile>
    <ClCompile Include="Last Character Auto Select.cpp">
      <Filter>Source Files</Filter>
    </ClCompile>
    <ClCompile Include="Tag Based Costumes.cpp">
      <Filter>Source Files</Filter>
    </ClCompile>
    <ClCompile Include="FPS Display.cpp">
      <Filter>Source Files</Filter>
    </ClCompile>
    <ClCompile Include="Light Shield.cpp">
      <Filter>Source Files</Filter>
    </ClCompile>
    <ClCompile Include="DBZ Mode.cpp">
      <Filter>Source Files</Filter>
    </ClCompile>
    <ClCompile Include="IkeClimbers.cpp">
      <Filter>Source Files</Filter>
    </ClCompile>
    <ClCompile Include="AIDisplay.cpp">
      <Filter>Source Files</Filter>
    </ClCompile>
    <ClCompile Include="C++Injection.cpp">
      <Filter>Source Files</Filter>
    </ClCompile>
  </ItemGroup>
</Project>